dependencies:
- name: eirini
  repository: file://../eirini
  version: 0.0.0-dev
- name: bits
  repository: https://cloudfoundry-incubator.github.io/bits-service-release/helm
  version: 2.29.0
digest: sha256:9dedd9ee334e1aa78f533c2a543c50322a087a005ef56787b14cac524c02bed1
generated: "2019-10-11T15:13:56.823540997+02:00"
