dependencies:
- name: eirini
  repository: file://../eirini
  version: 0.0.0-dev
- name: bits
  repository: https://cloudfoundry-incubator.github.io/bits-service-release/helm
  version: 2.32.0
digest: sha256:bab71563c7a90193f350687b549aa6d4049065cc25e3a711f86ba8f5cbcf044c
generated: "2020-01-10T12:33:21.066647Z"
